// !$*UTF8*$!
{
	archiveVersion = 1;
	classes = {
	};
	objectVersion = 56;
	objects = {

/* Begin PBXBuildFile section */
		9936AC19299A975A00F8C258 /* HomeViewController.swift in Sources */ = {isa = PBXBuildFile; fileRef = 9936AC17299A975A00F8C258 /* HomeViewController.swift */; };
		9936AC1A299A975A00F8C258 /* HomeViewController.xib in Resources */ = {isa = PBXBuildFile; fileRef = 9936AC18299A975A00F8C258 /* HomeViewController.xib */; };
		9936AC1E299AA18900F8C258 /* QuizSelectViewController.swift in Sources */ = {isa = PBXBuildFile; fileRef = 9936AC1C299AA18900F8C258 /* QuizSelectViewController.swift */; };
		9936AC1F299AA18900F8C258 /* QuizSelectViewController.xib in Resources */ = {isa = PBXBuildFile; fileRef = 9936AC1D299AA18900F8C258 /* QuizSelectViewController.xib */; };
		9936AC23299BD6C000F8C258 /* QuizShowViewController.swift in Sources */ = {isa = PBXBuildFile; fileRef = 9936AC21299BD6C000F8C258 /* QuizShowViewController.swift */; };
		9936AC24299BD6C000F8C258 /* QuizShowViewController.xib in Resources */ = {isa = PBXBuildFile; fileRef = 9936AC22299BD6C000F8C258 /* QuizShowViewController.xib */; };
		9936AC29299BD99800F8C258 /* QuizDeleteViewController.swift in Sources */ = {isa = PBXBuildFile; fileRef = 9936AC27299BD99800F8C258 /* QuizDeleteViewController.swift */; };
		9936AC2A299BD99800F8C258 /* QuizDeleteViewController.xib in Resources */ = {isa = PBXBuildFile; fileRef = 9936AC28299BD99800F8C258 /* QuizDeleteViewController.xib */; };
		9936AC2D299BD9AD00F8C258 /* QuizListViewController.swift in Sources */ = {isa = PBXBuildFile; fileRef = 9936AC2B299BD9AD00F8C258 /* QuizListViewController.swift */; };
		9936AC2E299BD9AD00F8C258 /* QuizListViewController.xib in Resources */ = {isa = PBXBuildFile; fileRef = 9936AC2C299BD9AD00F8C258 /* QuizListViewController.xib */; };
		9936AC32299BDB5300F8C258 /* QuizAddViewController.swift in Sources */ = {isa = PBXBuildFile; fileRef = 9936AC30299BDB5300F8C258 /* QuizAddViewController.swift */; };
		9936AC33299BDB5300F8C258 /* QuizAddViewController.xib in Resources */ = {isa = PBXBuildFile; fileRef = 9936AC31299BDB5300F8C258 /* QuizAddViewController.xib */; };
		9936AC35299CE0E600F8C258 /* HomePresenter.swift in Sources */ = {isa = PBXBuildFile; fileRef = 9936AC34299CE0E600F8C258 /* HomePresenter.swift */; };
		9936AC37299CE13300F8C258 /* HomeProtocol.swift in Sources */ = {isa = PBXBuildFile; fileRef = 9936AC36299CE13300F8C258 /* HomeProtocol.swift */; };
		9936AC39299CE9AD00F8C258 /* PlanSource.swift in Sources */ = {isa = PBXBuildFile; fileRef = 9936AC38299CE9AD00F8C258 /* PlanSource.swift */; };
		9936AC3B299CFF0600F8C258 /* QuizSelectPresenter.swift in Sources */ = {isa = PBXBuildFile; fileRef = 9936AC3A299CFF0600F8C258 /* QuizSelectPresenter.swift */; };
		9936AC3D299CFF1A00F8C258 /* QuizSelectProtocol.swift in Sources */ = {isa = PBXBuildFile; fileRef = 9936AC3C299CFF1A00F8C258 /* QuizSelectProtocol.swift */; };
		9936AC3F299D010500F8C258 /* ViewControllerFactory.swift in Sources */ = {isa = PBXBuildFile; fileRef = 9936AC3E299D010500F8C258 /* ViewControllerFactory.swift */; };
		9936AC41299D07E800F8C258 /* QuizAddPresenter.swift in Sources */ = {isa = PBXBuildFile; fileRef = 9936AC40299D07E800F8C258 /* QuizAddPresenter.swift */; };
		9936AC43299D07F800F8C258 /* QuizAddProtocol.swift in Sources */ = {isa = PBXBuildFile; fileRef = 9936AC42299D07F800F8C258 /* QuizAddProtocol.swift */; };
		9936AC45299D098F00F8C258 /* QuizShowPresenter.swift in Sources */ = {isa = PBXBuildFile; fileRef = 9936AC44299D098F00F8C258 /* QuizShowPresenter.swift */; };
		9936AC47299D09A100F8C258 /* QuizShowProtocol.swift in Sources */ = {isa = PBXBuildFile; fileRef = 9936AC46299D09A100F8C258 /* QuizShowProtocol.swift */; };
		9936AC4A299E708700F8C258 /* QuizPlan.swift in Sources */ = {isa = PBXBuildFile; fileRef = 9936AC49299E708700F8C258 /* QuizPlan.swift */; };
		9936AC4D299E747A00F8C258 /* PlanRepository.swift in Sources */ = {isa = PBXBuildFile; fileRef = 9936AC4C299E747A00F8C258 /* PlanRepository.swift */; };
		9936AC50299E74B000F8C258 /* PlanRepositoryProtocol.swift in Sources */ = {isa = PBXBuildFile; fileRef = 9936AC4F299E74B000F8C258 /* PlanRepositoryProtocol.swift */; };
		9936AC53299E89E900F8C258 /* QuizWordEntity.swift in Sources */ = {isa = PBXBuildFile; fileRef = 9936AC52299E89E900F8C258 /* QuizWordEntity.swift */; };
		9936AC55299E928300F8C258 /* UserEditQuizWords.swift in Sources */ = {isa = PBXBuildFile; fileRef = 9936AC54299E928300F8C258 /* UserEditQuizWords.swift */; };
		9936AC57299E929800F8C258 /* InitialQuizWords.swift in Sources */ = {isa = PBXBuildFile; fileRef = 9936AC56299E929800F8C258 /* InitialQuizWords.swift */; };
		9936AC59299F584B00F8C258 /* PlanSourceProtocol.swift in Sources */ = {isa = PBXBuildFile; fileRef = 9936AC58299F584B00F8C258 /* PlanSourceProtocol.swift */; };
		9936AC5B299F5B0800F8C258 /* SingletonContainer.swift in Sources */ = {isa = PBXBuildFile; fileRef = 9936AC5A299F5B0800F8C258 /* SingletonContainer.swift */; };
		9936AC5D299F5CDC00F8C258 /* PlanSourceModules.swift in Sources */ = {isa = PBXBuildFile; fileRef = 9936AC5C299F5CDC00F8C258 /* PlanSourceModules.swift */; };
		9936AC5F299F5E4B00F8C258 /* RepositoryModules.swift in Sources */ = {isa = PBXBuildFile; fileRef = 9936AC5E299F5E4B00F8C258 /* RepositoryModules.swift */; };
		9936AC63299F646200F8C258 /* Realm in Frameworks */ = {isa = PBXBuildFile; productRef = 9936AC62299F646200F8C258 /* Realm */; };
		9936AC65299F646200F8C258 /* RealmSwift in Frameworks */ = {isa = PBXBuildFile; productRef = 9936AC64299F646200F8C258 /* RealmSwift */; };
		9936AC67299F68A600F8C258 /* QuizWordsRepository.swift in Sources */ = {isa = PBXBuildFile; fileRef = 9936AC66299F68A600F8C258 /* QuizWordsRepository.swift */; };
		9936AC69299F68BC00F8C258 /* QuizWordsRepositoryProtocol.swift in Sources */ = {isa = PBXBuildFile; fileRef = 9936AC68299F68BC00F8C258 /* QuizWordsRepositoryProtocol.swift */; };
		9936AC6B299F69D900F8C258 /* UserEditQuizWordsProtocol.swift in Sources */ = {isa = PBXBuildFile; fileRef = 9936AC6A299F69D900F8C258 /* UserEditQuizWordsProtocol.swift */; };
		9936AC6D299F69EC00F8C258 /* InitialQuizWordsProtocol.swift in Sources */ = {isa = PBXBuildFile; fileRef = 9936AC6C299F69EC00F8C258 /* InitialQuizWordsProtocol.swift */; };
		9936AC70299F787B00F8C258 /* DaoModules.swift in Sources */ = {isa = PBXBuildFile; fileRef = 9936AC6F299F787B00F8C258 /* DaoModules.swift */; };
		9936AC7329A1130400F8C258 /* UserEditQuizWordModel.swift in Sources */ = {isa = PBXBuildFile; fileRef = 9936AC7229A1130400F8C258 /* UserEditQuizWordModel.swift */; };
		9936AC7729A12A7E00F8C258 /* UserEditQuizWordModel+Extension.swift in Sources */ = {isa = PBXBuildFile; fileRef = 9936AC7629A12A7E00F8C258 /* UserEditQuizWordModel+Extension.swift */; };
		9936AC7A29A130B800F8C258 /* RealmManager.swift in Sources */ = {isa = PBXBuildFile; fileRef = 9936AC7929A130B800F8C258 /* RealmManager.swift */; };
		99396BB429A516A7004A9B55 /* RealmProtocol.swift in Sources */ = {isa = PBXBuildFile; fileRef = 99396BB329A516A7004A9B55 /* RealmProtocol.swift */; };
		99396BB829B34EB0004A9B55 /* InitialQuizWordAPI.swift in Sources */ = {isa = PBXBuildFile; fileRef = 99396BB729B34EB0004A9B55 /* InitialQuizWordAPI.swift */; };
		99396BBC29B3A183004A9B55 /* Moya in Frameworks */ = {isa = PBXBuildFile; productRef = 99396BBB29B3A183004A9B55 /* Moya */; };
		99396BBE29B3B0BE004A9B55 /* APIRepository.swift in Sources */ = {isa = PBXBuildFile; fileRef = 99396BBD29B3B0BE004A9B55 /* APIRepository.swift */; };
		99396BC029B3B0D6004A9B55 /* APIRepositoryProtocol.swift in Sources */ = {isa = PBXBuildFile; fileRef = 99396BBF29B3B0D6004A9B55 /* APIRepositoryProtocol.swift */; };
		99396BC229B3B988004A9B55 /* InitialQuizWordModel.swift in Sources */ = {isa = PBXBuildFile; fileRef = 99396BC129B3B988004A9B55 /* InitialQuizWordModel.swift */; };
		99396BC529B63A51004A9B55 /* FetchQuizUseCase.swift in Sources */ = {isa = PBXBuildFile; fileRef = 99396BC429B63A51004A9B55 /* FetchQuizUseCase.swift */; };
		99396BC729B63A6D004A9B55 /* FetchQuizUseCaseProtocol.swift in Sources */ = {isa = PBXBuildFile; fileRef = 99396BC629B63A6D004A9B55 /* FetchQuizUseCaseProtocol.swift */; };
		99396BCC29B80566004A9B55 /* QuizDeleteTableViewCell.swift in Sources */ = {isa = PBXBuildFile; fileRef = 99396BCA29B80566004A9B55 /* QuizDeleteTableViewCell.swift */; };
		99396BCD29B80566004A9B55 /* QuizDeleteTableViewCell.xib in Resources */ = {isa = PBXBuildFile; fileRef = 99396BCB29B80566004A9B55 /* QuizDeleteTableViewCell.xib */; };
		99396BD029B952B3004A9B55 /* UseCaseModules.swift in Sources */ = {isa = PBXBuildFile; fileRef = 99396BCF29B952B3004A9B55 /* UseCaseModules.swift */; };
		99396BD229B956DB004A9B55 /* QuizDeletePresenter.swift in Sources */ = {isa = PBXBuildFile; fileRef = 99396BD129B956DB004A9B55 /* QuizDeletePresenter.swift */; };
		99396BD429B957D4004A9B55 /* QuizDeleteProtocol.swift in Sources */ = {isa = PBXBuildFile; fileRef = 99396BD329B957D4004A9B55 /* QuizDeleteProtocol.swift */; };
		99E459C6299A720200E649C1 /* AppDelegate.swift in Sources */ = {isa = PBXBuildFile; fileRef = 99E459C5299A720200E649C1 /* AppDelegate.swift */; };
		99E459C8299A720200E649C1 /* SceneDelegate.swift in Sources */ = {isa = PBXBuildFile; fileRef = 99E459C7299A720200E649C1 /* SceneDelegate.swift */; };
		99E459CF299A720400E649C1 /* Assets.xcassets in Resources */ = {isa = PBXBuildFile; fileRef = 99E459CE299A720400E649C1 /* Assets.xcassets */; };
		99E459D2299A720400E649C1 /* LaunchScreen.storyboard in Resources */ = {isa = PBXBuildFile; fileRef = 99E459D0299A720400E649C1 /* LaunchScreen.storyboard */; };
/* End PBXBuildFile section */

/* Begin PBXFileReference section */
		9936AC17299A975A00F8C258 /* HomeViewController.swift */ = {isa = PBXFileReference; lastKnownFileType = sourcecode.swift; path = HomeViewController.swift; sourceTree = "<group>"; };
		9936AC18299A975A00F8C258 /* HomeViewController.xib */ = {isa = PBXFileReference; lastKnownFileType = file.xib; path = HomeViewController.xib; sourceTree = "<group>"; };
		9936AC1C299AA18900F8C258 /* QuizSelectViewController.swift */ = {isa = PBXFileReference; lastKnownFileType = sourcecode.swift; path = QuizSelectViewController.swift; sourceTree = "<group>"; };
		9936AC1D299AA18900F8C258 /* QuizSelectViewController.xib */ = {isa = PBXFileReference; lastKnownFileType = file.xib; path = QuizSelectViewController.xib; sourceTree = "<group>"; };
		9936AC21299BD6C000F8C258 /* QuizShowViewController.swift */ = {isa = PBXFileReference; lastKnownFileType = sourcecode.swift; path = QuizShowViewController.swift; sourceTree = "<group>"; };
		9936AC22299BD6C000F8C258 /* QuizShowViewController.xib */ = {isa = PBXFileReference; lastKnownFileType = file.xib; path = QuizShowViewController.xib; sourceTree = "<group>"; };
		9936AC27299BD99800F8C258 /* QuizDeleteViewController.swift */ = {isa = PBXFileReference; lastKnownFileType = sourcecode.swift; path = QuizDeleteViewController.swift; sourceTree = "<group>"; };
		9936AC28299BD99800F8C258 /* QuizDeleteViewController.xib */ = {isa = PBXFileReference; lastKnownFileType = file.xib; path = QuizDeleteViewController.xib; sourceTree = "<group>"; };
		9936AC2B299BD9AD00F8C258 /* QuizListViewController.swift */ = {isa = PBXFileReference; lastKnownFileType = sourcecode.swift; path = QuizListViewController.swift; sourceTree = "<group>"; };
		9936AC2C299BD9AD00F8C258 /* QuizListViewController.xib */ = {isa = PBXFileReference; lastKnownFileType = file.xib; path = QuizListViewController.xib; sourceTree = "<group>"; };
		9936AC30299BDB5300F8C258 /* QuizAddViewController.swift */ = {isa = PBXFileReference; lastKnownFileType = sourcecode.swift; path = QuizAddViewController.swift; sourceTree = "<group>"; };
		9936AC31299BDB5300F8C258 /* QuizAddViewController.xib */ = {isa = PBXFileReference; lastKnownFileType = file.xib; path = QuizAddViewController.xib; sourceTree = "<group>"; };
		9936AC34299CE0E600F8C258 /* HomePresenter.swift */ = {isa = PBXFileReference; lastKnownFileType = sourcecode.swift; path = HomePresenter.swift; sourceTree = "<group>"; };
		9936AC36299CE13300F8C258 /* HomeProtocol.swift */ = {isa = PBXFileReference; lastKnownFileType = sourcecode.swift; path = HomeProtocol.swift; sourceTree = "<group>"; };
		9936AC38299CE9AD00F8C258 /* PlanSource.swift */ = {isa = PBXFileReference; lastKnownFileType = sourcecode.swift; path = PlanSource.swift; sourceTree = "<group>"; };
		9936AC3A299CFF0600F8C258 /* QuizSelectPresenter.swift */ = {isa = PBXFileReference; lastKnownFileType = sourcecode.swift; path = QuizSelectPresenter.swift; sourceTree = "<group>"; };
		9936AC3C299CFF1A00F8C258 /* QuizSelectProtocol.swift */ = {isa = PBXFileReference; lastKnownFileType = sourcecode.swift; path = QuizSelectProtocol.swift; sourceTree = "<group>"; };
		9936AC3E299D010500F8C258 /* ViewControllerFactory.swift */ = {isa = PBXFileReference; lastKnownFileType = sourcecode.swift; path = ViewControllerFactory.swift; sourceTree = "<group>"; };
		9936AC40299D07E800F8C258 /* QuizAddPresenter.swift */ = {isa = PBXFileReference; lastKnownFileType = sourcecode.swift; path = QuizAddPresenter.swift; sourceTree = "<group>"; };
		9936AC42299D07F800F8C258 /* QuizAddProtocol.swift */ = {isa = PBXFileReference; lastKnownFileType = sourcecode.swift; path = QuizAddProtocol.swift; sourceTree = "<group>"; };
		9936AC44299D098F00F8C258 /* QuizShowPresenter.swift */ = {isa = PBXFileReference; lastKnownFileType = sourcecode.swift; path = QuizShowPresenter.swift; sourceTree = "<group>"; };
		9936AC46299D09A100F8C258 /* QuizShowProtocol.swift */ = {isa = PBXFileReference; lastKnownFileType = sourcecode.swift; path = QuizShowProtocol.swift; sourceTree = "<group>"; };
		9936AC49299E708700F8C258 /* QuizPlan.swift */ = {isa = PBXFileReference; lastKnownFileType = sourcecode.swift; path = QuizPlan.swift; sourceTree = "<group>"; };
		9936AC4C299E747A00F8C258 /* PlanRepository.swift */ = {isa = PBXFileReference; lastKnownFileType = sourcecode.swift; path = PlanRepository.swift; sourceTree = "<group>"; };
		9936AC4F299E74B000F8C258 /* PlanRepositoryProtocol.swift */ = {isa = PBXFileReference; lastKnownFileType = sourcecode.swift; path = PlanRepositoryProtocol.swift; sourceTree = "<group>"; };
		9936AC52299E89E900F8C258 /* QuizWordEntity.swift */ = {isa = PBXFileReference; lastKnownFileType = sourcecode.swift; path = QuizWordEntity.swift; sourceTree = "<group>"; };
		9936AC54299E928300F8C258 /* UserEditQuizWords.swift */ = {isa = PBXFileReference; lastKnownFileType = sourcecode.swift; path = UserEditQuizWords.swift; sourceTree = "<group>"; };
		9936AC56299E929800F8C258 /* InitialQuizWords.swift */ = {isa = PBXFileReference; lastKnownFileType = sourcecode.swift; path = InitialQuizWords.swift; sourceTree = "<group>"; };
		9936AC58299F584B00F8C258 /* PlanSourceProtocol.swift */ = {isa = PBXFileReference; lastKnownFileType = sourcecode.swift; path = PlanSourceProtocol.swift; sourceTree = "<group>"; };
		9936AC5A299F5B0800F8C258 /* SingletonContainer.swift */ = {isa = PBXFileReference; lastKnownFileType = sourcecode.swift; path = SingletonContainer.swift; sourceTree = "<group>"; };
		9936AC5C299F5CDC00F8C258 /* PlanSourceModules.swift */ = {isa = PBXFileReference; lastKnownFileType = sourcecode.swift; path = PlanSourceModules.swift; sourceTree = "<group>"; };
		9936AC5E299F5E4B00F8C258 /* RepositoryModules.swift */ = {isa = PBXFileReference; lastKnownFileType = sourcecode.swift; path = RepositoryModules.swift; sourceTree = "<group>"; };
		9936AC66299F68A600F8C258 /* QuizWordsRepository.swift */ = {isa = PBXFileReference; lastKnownFileType = sourcecode.swift; path = QuizWordsRepository.swift; sourceTree = "<group>"; };
		9936AC68299F68BC00F8C258 /* QuizWordsRepositoryProtocol.swift */ = {isa = PBXFileReference; lastKnownFileType = sourcecode.swift; path = QuizWordsRepositoryProtocol.swift; sourceTree = "<group>"; };
		9936AC6A299F69D900F8C258 /* UserEditQuizWordsProtocol.swift */ = {isa = PBXFileReference; lastKnownFileType = sourcecode.swift; path = UserEditQuizWordsProtocol.swift; sourceTree = "<group>"; };
		9936AC6C299F69EC00F8C258 /* InitialQuizWordsProtocol.swift */ = {isa = PBXFileReference; lastKnownFileType = sourcecode.swift; path = InitialQuizWordsProtocol.swift; sourceTree = "<group>"; };
		9936AC6F299F787B00F8C258 /* DaoModules.swift */ = {isa = PBXFileReference; lastKnownFileType = sourcecode.swift; path = DaoModules.swift; sourceTree = "<group>"; };
		9936AC7229A1130400F8C258 /* UserEditQuizWordModel.swift */ = {isa = PBXFileReference; lastKnownFileType = sourcecode.swift; path = UserEditQuizWordModel.swift; sourceTree = "<group>"; };
		9936AC7629A12A7E00F8C258 /* UserEditQuizWordModel+Extension.swift */ = {isa = PBXFileReference; lastKnownFileType = sourcecode.swift; path = "UserEditQuizWordModel+Extension.swift"; sourceTree = "<group>"; };
		9936AC7929A130B800F8C258 /* RealmManager.swift */ = {isa = PBXFileReference; lastKnownFileType = sourcecode.swift; path = RealmManager.swift; sourceTree = "<group>"; };
		99396BB329A516A7004A9B55 /* RealmProtocol.swift */ = {isa = PBXFileReference; lastKnownFileType = sourcecode.swift; path = RealmProtocol.swift; sourceTree = "<group>"; };
		99396BB729B34EB0004A9B55 /* InitialQuizWordAPI.swift */ = {isa = PBXFileReference; lastKnownFileType = sourcecode.swift; path = InitialQuizWordAPI.swift; sourceTree = "<group>"; };
		99396BBD29B3B0BE004A9B55 /* APIRepository.swift */ = {isa = PBXFileReference; lastKnownFileType = sourcecode.swift; path = APIRepository.swift; sourceTree = "<group>"; };
		99396BBF29B3B0D6004A9B55 /* APIRepositoryProtocol.swift */ = {isa = PBXFileReference; lastKnownFileType = sourcecode.swift; path = APIRepositoryProtocol.swift; sourceTree = "<group>"; };
		99396BC129B3B988004A9B55 /* InitialQuizWordModel.swift */ = {isa = PBXFileReference; lastKnownFileType = sourcecode.swift; path = InitialQuizWordModel.swift; sourceTree = "<group>"; };
		99396BC429B63A51004A9B55 /* FetchQuizUseCase.swift */ = {isa = PBXFileReference; lastKnownFileType = sourcecode.swift; path = FetchQuizUseCase.swift; sourceTree = "<group>"; };
		99396BC629B63A6D004A9B55 /* FetchQuizUseCaseProtocol.swift */ = {isa = PBXFileReference; lastKnownFileType = sourcecode.swift; path = FetchQuizUseCaseProtocol.swift; sourceTree = "<group>"; };
		99396BCA29B80566004A9B55 /* QuizDeleteTableViewCell.swift */ = {isa = PBXFileReference; lastKnownFileType = sourcecode.swift; path = QuizDeleteTableViewCell.swift; sourceTree = "<group>"; };
		99396BCB29B80566004A9B55 /* QuizDeleteTableViewCell.xib */ = {isa = PBXFileReference; lastKnownFileType = file.xib; path = QuizDeleteTableViewCell.xib; sourceTree = "<group>"; };
		99396BCF29B952B3004A9B55 /* UseCaseModules.swift */ = {isa = PBXFileReference; lastKnownFileType = sourcecode.swift; path = UseCaseModules.swift; sourceTree = "<group>"; };
		99396BD129B956DB004A9B55 /* QuizDeletePresenter.swift */ = {isa = PBXFileReference; lastKnownFileType = sourcecode.swift; path = QuizDeletePresenter.swift; sourceTree = "<group>"; };
		99396BD329B957D4004A9B55 /* QuizDeleteProtocol.swift */ = {isa = PBXFileReference; lastKnownFileType = sourcecode.swift; path = QuizDeleteProtocol.swift; sourceTree = "<group>"; };
		99E459C2299A720200E649C1 /* 10wordsApp_Swift.app */ = {isa = PBXFileReference; explicitFileType = wrapper.application; includeInIndex = 0; path = 10wordsApp_Swift.app; sourceTree = BUILT_PRODUCTS_DIR; };
		99E459C5299A720200E649C1 /* AppDelegate.swift */ = {isa = PBXFileReference; lastKnownFileType = sourcecode.swift; path = AppDelegate.swift; sourceTree = "<group>"; };
		99E459C7299A720200E649C1 /* SceneDelegate.swift */ = {isa = PBXFileReference; lastKnownFileType = sourcecode.swift; path = SceneDelegate.swift; sourceTree = "<group>"; };
		99E459CE299A720400E649C1 /* Assets.xcassets */ = {isa = PBXFileReference; lastKnownFileType = folder.assetcatalog; path = Assets.xcassets; sourceTree = "<group>"; };
		99E459D1299A720400E649C1 /* Base */ = {isa = PBXFileReference; lastKnownFileType = file.storyboard; name = Base; path = Base.lproj/LaunchScreen.storyboard; sourceTree = "<group>"; };
		99E459D3299A720400E649C1 /* Info.plist */ = {isa = PBXFileReference; lastKnownFileType = text.plist.xml; path = Info.plist; sourceTree = "<group>"; };
/* End PBXFileReference section */

/* Begin PBXFrameworksBuildPhase section */
		99E459BF299A720200E649C1 /* Frameworks */ = {
			isa = PBXFrameworksBuildPhase;
			buildActionMask = 2147483647;
			files = (
				9936AC65299F646200F8C258 /* RealmSwift in Frameworks */,
				9936AC63299F646200F8C258 /* Realm in Frameworks */,
				99396BBC29B3A183004A9B55 /* Moya in Frameworks */,
			);
			runOnlyForDeploymentPostprocessing = 0;
		};
/* End PBXFrameworksBuildPhase section */

/* Begin PBXGroup section */
		9936AC16299A969200F8C258 /* Home */ = {
			isa = PBXGroup;
			children = (
				9936AC17299A975A00F8C258 /* HomeViewController.swift */,
				9936AC18299A975A00F8C258 /* HomeViewController.xib */,
				9936AC34299CE0E600F8C258 /* HomePresenter.swift */,
				9936AC36299CE13300F8C258 /* HomeProtocol.swift */,
			);
			path = Home;
			sourceTree = "<group>";
		};
		9936AC1B299AA15600F8C258 /* QuizSelect */ = {
			isa = PBXGroup;
			children = (
				9936AC1C299AA18900F8C258 /* QuizSelectViewController.swift */,
				9936AC1D299AA18900F8C258 /* QuizSelectViewController.xib */,
				9936AC3A299CFF0600F8C258 /* QuizSelectPresenter.swift */,
				9936AC3C299CFF1A00F8C258 /* QuizSelectProtocol.swift */,
			);
			path = QuizSelect;
			sourceTree = "<group>";
		};
		9936AC20299BD69900F8C258 /* QuizShow */ = {
			isa = PBXGroup;
			children = (
				9936AC21299BD6C000F8C258 /* QuizShowViewController.swift */,
				9936AC22299BD6C000F8C258 /* QuizShowViewController.xib */,
				9936AC44299D098F00F8C258 /* QuizShowPresenter.swift */,
				9936AC46299D09A100F8C258 /* QuizShowProtocol.swift */,
			);
			path = QuizShow;
			sourceTree = "<group>";
		};
		9936AC25299BD94500F8C258 /* QuizDelete */ = {
			isa = PBXGroup;
			children = (
				9936AC27299BD99800F8C258 /* QuizDeleteViewController.swift */,
				9936AC28299BD99800F8C258 /* QuizDeleteViewController.xib */,
				99396BD129B956DB004A9B55 /* QuizDeletePresenter.swift */,
				99396BD329B957D4004A9B55 /* QuizDeleteProtocol.swift */,
			);
			path = QuizDelete;
			sourceTree = "<group>";
		};
		9936AC26299BD97500F8C258 /* QuizList */ = {
			isa = PBXGroup;
			children = (
				9936AC2B299BD9AD00F8C258 /* QuizListViewController.swift */,
				9936AC2C299BD9AD00F8C258 /* QuizListViewController.xib */,
			);
			path = QuizList;
			sourceTree = "<group>";
		};
		9936AC2F299BDB3900F8C258 /* QuizAdd */ = {
			isa = PBXGroup;
			children = (
				9936AC30299BDB5300F8C258 /* QuizAddViewController.swift */,
				9936AC31299BDB5300F8C258 /* QuizAddViewController.xib */,
				9936AC40299D07E800F8C258 /* QuizAddPresenter.swift */,
				9936AC42299D07F800F8C258 /* QuizAddProtocol.swift */,
			);
			path = QuizAdd;
			sourceTree = "<group>";
		};
		9936AC48299E707200F8C258 /* Enum */ = {
			isa = PBXGroup;
			children = (
				9936AC49299E708700F8C258 /* QuizPlan.swift */,
			);
			path = Enum;
			sourceTree = "<group>";
		};
		9936AC51299E891A00F8C258 /* Entity */ = {
			isa = PBXGroup;
			children = (
				9936AC52299E89E900F8C258 /* QuizWordEntity.swift */,
			);
			path = Entity;
			sourceTree = "<group>";
		};
		9936AC6E299F702800F8C258 /* Dao */ = {
			isa = PBXGroup;
			children = (
				9936AC54299E928300F8C258 /* UserEditQuizWords.swift */,
				9936AC6A299F69D900F8C258 /* UserEditQuizWordsProtocol.swift */,
				9936AC56299E929800F8C258 /* InitialQuizWords.swift */,
				9936AC6C299F69EC00F8C258 /* InitialQuizWordsProtocol.swift */,
			);
			path = Dao;
			sourceTree = "<group>";
		};
		9936AC7129A112B400F8C258 /* RealmObject */ = {
			isa = PBXGroup;
			children = (
				9936AC7229A1130400F8C258 /* UserEditQuizWordModel.swift */,
				99396BC129B3B988004A9B55 /* InitialQuizWordModel.swift */,
			);
			path = RealmObject;
			sourceTree = "<group>";
		};
		9936AC7829A1309A00F8C258 /* Managers */ = {
			isa = PBXGroup;
			children = (
				9936AC7929A130B800F8C258 /* RealmManager.swift */,
				99396BB329A516A7004A9B55 /* RealmProtocol.swift */,
			);
			path = Managers;
			sourceTree = "<group>";
		};
		99396BB029A50F09004A9B55 /* Data */ = {
			isa = PBXGroup;
			children = (
				99396BB529B34E39004A9B55 /* Network */,
				99396BB129A50F13004A9B55 /* DB */,
			);
			path = Data;
			sourceTree = "<group>";
		};
		99396BB129A50F13004A9B55 /* DB */ = {
			isa = PBXGroup;
			children = (
				9936AC6E299F702800F8C258 /* Dao */,
			);
			path = DB;
			sourceTree = "<group>";
		};
		99396BB529B34E39004A9B55 /* Network */ = {
			isa = PBXGroup;
			children = (
				99396BB629B34E50004A9B55 /* API */,
			);
			path = Network;
			sourceTree = "<group>";
		};
		99396BB629B34E50004A9B55 /* API */ = {
			isa = PBXGroup;
			children = (
				99396BB729B34EB0004A9B55 /* InitialQuizWordAPI.swift */,
			);
			path = API;
			sourceTree = "<group>";
		};
		99396BC329B638C0004A9B55 /* FetchQuizUseCase */ = {
			isa = PBXGroup;
			children = (
				99396BC429B63A51004A9B55 /* FetchQuizUseCase.swift */,
				99396BC629B63A6D004A9B55 /* FetchQuizUseCaseProtocol.swift */,
			);
			path = FetchQuizUseCase;
			sourceTree = "<group>";
		};
		99396BC829B80523004A9B55 /* CostomView */ = {
			isa = PBXGroup;
			children = (
				99396BC929B80537004A9B55 /* CostomCell */,
			);
			path = CostomView;
			sourceTree = "<group>";
		};
		99396BC929B80537004A9B55 /* CostomCell */ = {
			isa = PBXGroup;
			children = (
				99396BCA29B80566004A9B55 /* QuizDeleteTableViewCell.swift */,
				99396BCB29B80566004A9B55 /* QuizDeleteTableViewCell.xib */,
			);
			path = CostomCell;
			sourceTree = "<group>";
		};
		99E459B9299A720200E649C1 = {
			isa = PBXGroup;
			children = (
				99E459C4299A720200E649C1 /* 10wordsApp_Swift */,
				99E459C3299A720200E649C1 /* Products */,
			);
			sourceTree = "<group>";
		};
		99E459C3299A720200E649C1 /* Products */ = {
			isa = PBXGroup;
			children = (
				99E459C2299A720200E649C1 /* 10wordsApp_Swift.app */,
			);
			name = Products;
			sourceTree = "<group>";
		};
		99E459C4299A720200E649C1 /* 10wordsApp_Swift */ = {
			isa = PBXGroup;
			children = (
				99396BC829B80523004A9B55 /* CostomView */,
				99396BB029A50F09004A9B55 /* Data */,
				9936AC7829A1309A00F8C258 /* Managers */,
				99E459DC299A951800E649C1 /* Models */,
				99E459DB299A950900E649C1 /* Repositories */,
				99E459DE299A954700E649C1 /* Presentations */,
				99E459DA299A94F700E649C1 /* UseCase */,
				99E459C5299A720200E649C1 /* AppDelegate.swift */,
				99E459C7299A720200E649C1 /* SceneDelegate.swift */,
				99E459CE299A720400E649C1 /* Assets.xcassets */,
				99E459D0299A720400E649C1 /* LaunchScreen.storyboard */,
				99E459D3299A720400E649C1 /* Info.plist */,
			);
			path = 10wordsApp_Swift;
			sourceTree = "<group>";
		};
		99E459D9299A94AD00E649C1 /* DI */ = {
			isa = PBXGroup;
			children = (
				9936AC3E299D010500F8C258 /* ViewControllerFactory.swift */,
				9936AC5A299F5B0800F8C258 /* SingletonContainer.swift */,
				9936AC5C299F5CDC00F8C258 /* PlanSourceModules.swift */,
				9936AC6F299F787B00F8C258 /* DaoModules.swift */,
				9936AC5E299F5E4B00F8C258 /* RepositoryModules.swift */,
				99396BCF29B952B3004A9B55 /* UseCaseModules.swift */,
			);
			path = DI;
			sourceTree = "<group>";
		};
		99E459DA299A94F700E649C1 /* UseCase */ = {
			isa = PBXGroup;
			children = (
				99396BC329B638C0004A9B55 /* FetchQuizUseCase */,
			);
			path = UseCase;
			sourceTree = "<group>";
		};
		99E459DB299A950900E649C1 /* Repositories */ = {
			isa = PBXGroup;
			children = (
				9936AC4C299E747A00F8C258 /* PlanRepository.swift */,
				9936AC4F299E74B000F8C258 /* PlanRepositoryProtocol.swift */,
				9936AC66299F68A600F8C258 /* QuizWordsRepository.swift */,
				9936AC68299F68BC00F8C258 /* QuizWordsRepositoryProtocol.swift */,
				99396BBD29B3B0BE004A9B55 /* APIRepository.swift */,
				99396BBF29B3B0D6004A9B55 /* APIRepositoryProtocol.swift */,
			);
			path = Repositories;
			sourceTree = "<group>";
		};
		99E459DC299A951800E649C1 /* Models */ = {
			isa = PBXGroup;
			children = (
				99E459D9299A94AD00E649C1 /* DI */,
				99E459DD299A952200E649C1 /* Extension */,
				9936AC48299E707200F8C258 /* Enum */,
				9936AC51299E891A00F8C258 /* Entity */,
				9936AC7129A112B400F8C258 /* RealmObject */,
				9936AC38299CE9AD00F8C258 /* PlanSource.swift */,
				9936AC58299F584B00F8C258 /* PlanSourceProtocol.swift */,
			);
			path = Models;
			sourceTree = "<group>";
		};
		99E459DD299A952200E649C1 /* Extension */ = {
			isa = PBXGroup;
			children = (
				9936AC7629A12A7E00F8C258 /* UserEditQuizWordModel+Extension.swift */,
			);
			path = Extension;
			sourceTree = "<group>";
		};
		99E459DE299A954700E649C1 /* Presentations */ = {
			isa = PBXGroup;
			children = (
				9936AC16299A969200F8C258 /* Home */,
				9936AC1B299AA15600F8C258 /* QuizSelect */,
				9936AC20299BD69900F8C258 /* QuizShow */,
				9936AC2F299BDB3900F8C258 /* QuizAdd */,
				9936AC25299BD94500F8C258 /* QuizDelete */,
				9936AC26299BD97500F8C258 /* QuizList */,
			);
			path = Presentations;
			sourceTree = "<group>";
		};
/* End PBXGroup section */

/* Begin PBXNativeTarget section */
		99E459C1299A720200E649C1 /* 10wordsApp_Swift */ = {
			isa = PBXNativeTarget;
			buildConfigurationList = 99E459D6299A720400E649C1 /* Build configuration list for PBXNativeTarget "10wordsApp_Swift" */;
			buildPhases = (
				99E459BE299A720200E649C1 /* Sources */,
				99E459BF299A720200E649C1 /* Frameworks */,
				99E459C0299A720200E649C1 /* Resources */,
			);
			buildRules = (
			);
			dependencies = (
			);
			name = 10wordsApp_Swift;
			packageProductDependencies = (
				9936AC62299F646200F8C258 /* Realm */,
				9936AC64299F646200F8C258 /* RealmSwift */,
				99396BBB29B3A183004A9B55 /* Moya */,
			);
			productName = 10wordsApp_Swift;
			productReference = 99E459C2299A720200E649C1 /* 10wordsApp_Swift.app */;
			productType = "com.apple.product-type.application";
		};
/* End PBXNativeTarget section */

/* Begin PBXProject section */
		99E459BA299A720200E649C1 /* Project object */ = {
			isa = PBXProject;
			attributes = {
				BuildIndependentTargetsInParallel = 1;
				LastSwiftUpdateCheck = 1420;
				LastUpgradeCheck = 1420;
				TargetAttributes = {
					99E459C1299A720200E649C1 = {
						CreatedOnToolsVersion = 14.2;
					};
				};
			};
			buildConfigurationList = 99E459BD299A720200E649C1 /* Build configuration list for PBXProject "10wordsApp_Swift" */;
			compatibilityVersion = "Xcode 14.0";
			developmentRegion = en;
			hasScannedForEncodings = 0;
			knownRegions = (
				en,
				Base,
			);
			mainGroup = 99E459B9299A720200E649C1;
			packageReferences = (
				9936AC61299F646200F8C258 /* XCRemoteSwiftPackageReference "realm-swift" */,
				99396BBA29B3A183004A9B55 /* XCRemoteSwiftPackageReference "Moya" */,
			);
			productRefGroup = 99E459C3299A720200E649C1 /* Products */;
			projectDirPath = "";
			projectRoot = "";
			targets = (
				99E459C1299A720200E649C1 /* 10wordsApp_Swift */,
			);
		};
/* End PBXProject section */

/* Begin PBXResourcesBuildPhase section */
		99E459C0299A720200E649C1 /* Resources */ = {
			isa = PBXResourcesBuildPhase;
			buildActionMask = 2147483647;
			files = (
				9936AC2E299BD9AD00F8C258 /* QuizListViewController.xib in Resources */,
				9936AC2A299BD99800F8C258 /* QuizDeleteViewController.xib in Resources */,
				99E459D2299A720400E649C1 /* LaunchScreen.storyboard in Resources */,
				9936AC33299BDB5300F8C258 /* QuizAddViewController.xib in Resources */,
				99396BCD29B80566004A9B55 /* QuizDeleteTableViewCell.xib in Resources */,
				9936AC1F299AA18900F8C258 /* QuizSelectViewController.xib in Resources */,
				99E459CF299A720400E649C1 /* Assets.xcassets in Resources */,
				9936AC24299BD6C000F8C258 /* QuizShowViewController.xib in Resources */,
				9936AC1A299A975A00F8C258 /* HomeViewController.xib in Resources */,
			);
			runOnlyForDeploymentPostprocessing = 0;
		};
/* End PBXResourcesBuildPhase section */

/* Begin PBXSourcesBuildPhase section */
		99E459BE299A720200E649C1 /* Sources */ = {
			isa = PBXSourcesBuildPhase;
			buildActionMask = 2147483647;
			files = (
				9936AC59299F584B00F8C258 /* PlanSourceProtocol.swift in Sources */,
				9936AC2D299BD9AD00F8C258 /* QuizListViewController.swift in Sources */,
				9936AC3F299D010500F8C258 /* ViewControllerFactory.swift in Sources */,
				99E459C6299A720200E649C1 /* AppDelegate.swift in Sources */,
				9936AC7A29A130B800F8C258 /* RealmManager.swift in Sources */,
				9936AC1E299AA18900F8C258 /* QuizSelectViewController.swift in Sources */,
				9936AC43299D07F800F8C258 /* QuizAddProtocol.swift in Sources */,
				9936AC4A299E708700F8C258 /* QuizPlan.swift in Sources */,
				9936AC19299A975A00F8C258 /* HomeViewController.swift in Sources */,
				99396BC529B63A51004A9B55 /* FetchQuizUseCase.swift in Sources */,
				99396BB429A516A7004A9B55 /* RealmProtocol.swift in Sources */,
				9936AC50299E74B000F8C258 /* PlanRepositoryProtocol.swift in Sources */,
				9936AC7729A12A7E00F8C258 /* UserEditQuizWordModel+Extension.swift in Sources */,
				9936AC39299CE9AD00F8C258 /* PlanSource.swift in Sources */,
				9936AC55299E928300F8C258 /* UserEditQuizWords.swift in Sources */,
				9936AC5F299F5E4B00F8C258 /* RepositoryModules.swift in Sources */,
				9936AC67299F68A600F8C258 /* QuizWordsRepository.swift in Sources */,
				99396BCC29B80566004A9B55 /* QuizDeleteTableViewCell.swift in Sources */,
				9936AC6D299F69EC00F8C258 /* InitialQuizWordsProtocol.swift in Sources */,
				9936AC41299D07E800F8C258 /* QuizAddPresenter.swift in Sources */,
				99396BD229B956DB004A9B55 /* QuizDeletePresenter.swift in Sources */,
				99396BD429B957D4004A9B55 /* QuizDeleteProtocol.swift in Sources */,
				99396BC029B3B0D6004A9B55 /* APIRepositoryProtocol.swift in Sources */,
				9936AC37299CE13300F8C258 /* HomeProtocol.swift in Sources */,
				9936AC4D299E747A00F8C258 /* PlanRepository.swift in Sources */,
				9936AC3D299CFF1A00F8C258 /* QuizSelectProtocol.swift in Sources */,
				99E459C8299A720200E649C1 /* SceneDelegate.swift in Sources */,
				9936AC5D299F5CDC00F8C258 /* PlanSourceModules.swift in Sources */,
				9936AC29299BD99800F8C258 /* QuizDeleteViewController.swift in Sources */,
				99396BC229B3B988004A9B55 /* InitialQuizWordModel.swift in Sources */,
				9936AC45299D098F00F8C258 /* QuizShowPresenter.swift in Sources */,
				9936AC35299CE0E600F8C258 /* HomePresenter.swift in Sources */,
				9936AC3B299CFF0600F8C258 /* QuizSelectPresenter.swift in Sources */,
				9936AC57299E929800F8C258 /* InitialQuizWords.swift in Sources */,
				9936AC7329A1130400F8C258 /* UserEditQuizWordModel.swift in Sources */,
				9936AC6B299F69D900F8C258 /* UserEditQuizWordsProtocol.swift in Sources */,
				99396BC729B63A6D004A9B55 /* FetchQuizUseCaseProtocol.swift in Sources */,
				9936AC5B299F5B0800F8C258 /* SingletonContainer.swift in Sources */,
				9936AC47299D09A100F8C258 /* QuizShowProtocol.swift in Sources */,
				9936AC53299E89E900F8C258 /* QuizWordEntity.swift in Sources */,
				9936AC23299BD6C000F8C258 /* QuizShowViewController.swift in Sources */,
				9936AC70299F787B00F8C258 /* DaoModules.swift in Sources */,
				99396BD029B952B3004A9B55 /* UseCaseModules.swift in Sources */,
				99396BBE29B3B0BE004A9B55 /* APIRepository.swift in Sources */,
				9936AC69299F68BC00F8C258 /* QuizWordsRepositoryProtocol.swift in Sources */,
				99396BB829B34EB0004A9B55 /* InitialQuizWordAPI.swift in Sources */,
				9936AC32299BDB5300F8C258 /* QuizAddViewController.swift in Sources */,
			);
			runOnlyForDeploymentPostprocessing = 0;
		};
/* End PBXSourcesBuildPhase section */

/* Begin PBXVariantGroup section */
		99E459D0299A720400E649C1 /* LaunchScreen.storyboard */ = {
			isa = PBXVariantGroup;
			children = (
				99E459D1299A720400E649C1 /* Base */,
			);
			name = LaunchScreen.storyboard;
			sourceTree = "<group>";
		};
/* End PBXVariantGroup section */

/* Begin XCBuildConfiguration section */
		99E459D4299A720400E649C1 /* Debug */ = {
			isa = XCBuildConfiguration;
			buildSettings = {
				ALWAYS_SEARCH_USER_PATHS = NO;
				CLANG_ANALYZER_NONNULL = YES;
				CLANG_ANALYZER_NUMBER_OBJECT_CONVERSION = YES_AGGRESSIVE;
				CLANG_CXX_LANGUAGE_STANDARD = "gnu++20";
				CLANG_ENABLE_MODULES = YES;
				CLANG_ENABLE_OBJC_ARC = YES;
				CLANG_ENABLE_OBJC_WEAK = YES;
				CLANG_WARN_BLOCK_CAPTURE_AUTORELEASING = YES;
				CLANG_WARN_BOOL_CONVERSION = YES;
				CLANG_WARN_COMMA = YES;
				CLANG_WARN_CONSTANT_CONVERSION = YES;
				CLANG_WARN_DEPRECATED_OBJC_IMPLEMENTATIONS = YES;
				CLANG_WARN_DIRECT_OBJC_ISA_USAGE = YES_ERROR;
				CLANG_WARN_DOCUMENTATION_COMMENTS = YES;
				CLANG_WARN_EMPTY_BODY = YES;
				CLANG_WARN_ENUM_CONVERSION = YES;
				CLANG_WARN_INFINITE_RECURSION = YES;
				CLANG_WARN_INT_CONVERSION = YES;
				CLANG_WARN_NON_LITERAL_NULL_CONVERSION = YES;
				CLANG_WARN_OBJC_IMPLICIT_RETAIN_SELF = YES;
				CLANG_WARN_OBJC_LITERAL_CONVERSION = YES;
				CLANG_WARN_OBJC_ROOT_CLASS = YES_ERROR;
				CLANG_WARN_QUOTED_INCLUDE_IN_FRAMEWORK_HEADER = YES;
				CLANG_WARN_RANGE_LOOP_ANALYSIS = YES;
				CLANG_WARN_STRICT_PROTOTYPES = YES;
				CLANG_WARN_SUSPICIOUS_MOVE = YES;
				CLANG_WARN_UNGUARDED_AVAILABILITY = YES_AGGRESSIVE;
				CLANG_WARN_UNREACHABLE_CODE = YES;
				CLANG_WARN__DUPLICATE_METHOD_MATCH = YES;
				COPY_PHASE_STRIP = NO;
				DEBUG_INFORMATION_FORMAT = dwarf;
				ENABLE_STRICT_OBJC_MSGSEND = YES;
				ENABLE_TESTABILITY = YES;
				GCC_C_LANGUAGE_STANDARD = gnu11;
				GCC_DYNAMIC_NO_PIC = NO;
				GCC_NO_COMMON_BLOCKS = YES;
				GCC_OPTIMIZATION_LEVEL = 0;
				GCC_PREPROCESSOR_DEFINITIONS = (
					"DEBUG=1",
					"$(inherited)",
				);
				GCC_WARN_64_TO_32_BIT_CONVERSION = YES;
				GCC_WARN_ABOUT_RETURN_TYPE = YES_ERROR;
				GCC_WARN_UNDECLARED_SELECTOR = YES;
				GCC_WARN_UNINITIALIZED_AUTOS = YES_AGGRESSIVE;
				GCC_WARN_UNUSED_FUNCTION = YES;
				GCC_WARN_UNUSED_VARIABLE = YES;
				IPHONEOS_DEPLOYMENT_TARGET = 16.2;
				MTL_ENABLE_DEBUG_INFO = INCLUDE_SOURCE;
				MTL_FAST_MATH = YES;
				ONLY_ACTIVE_ARCH = YES;
				SDKROOT = iphoneos;
				SWIFT_ACTIVE_COMPILATION_CONDITIONS = DEBUG;
				SWIFT_OPTIMIZATION_LEVEL = "-Onone";
			};
			name = Debug;
		};
		99E459D5299A720400E649C1 /* Release */ = {
			isa = XCBuildConfiguration;
			buildSettings = {
				ALWAYS_SEARCH_USER_PATHS = NO;
				CLANG_ANALYZER_NONNULL = YES;
				CLANG_ANALYZER_NUMBER_OBJECT_CONVERSION = YES_AGGRESSIVE;
				CLANG_CXX_LANGUAGE_STANDARD = "gnu++20";
				CLANG_ENABLE_MODULES = YES;
				CLANG_ENABLE_OBJC_ARC = YES;
				CLANG_ENABLE_OBJC_WEAK = YES;
				CLANG_WARN_BLOCK_CAPTURE_AUTORELEASING = YES;
				CLANG_WARN_BOOL_CONVERSION = YES;
				CLANG_WARN_COMMA = YES;
				CLANG_WARN_CONSTANT_CONVERSION = YES;
				CLANG_WARN_DEPRECATED_OBJC_IMPLEMENTATIONS = YES;
				CLANG_WARN_DIRECT_OBJC_ISA_USAGE = YES_ERROR;
				CLANG_WARN_DOCUMENTATION_COMMENTS = YES;
				CLANG_WARN_EMPTY_BODY = YES;
				CLANG_WARN_ENUM_CONVERSION = YES;
				CLANG_WARN_INFINITE_RECURSION = YES;
				CLANG_WARN_INT_CONVERSION = YES;
				CLANG_WARN_NON_LITERAL_NULL_CONVERSION = YES;
				CLANG_WARN_OBJC_IMPLICIT_RETAIN_SELF = YES;
				CLANG_WARN_OBJC_LITERAL_CONVERSION = YES;
				CLANG_WARN_OBJC_ROOT_CLASS = YES_ERROR;
				CLANG_WARN_QUOTED_INCLUDE_IN_FRAMEWORK_HEADER = YES;
				CLANG_WARN_RANGE_LOOP_ANALYSIS = YES;
				CLANG_WARN_STRICT_PROTOTYPES = YES;
				CLANG_WARN_SUSPICIOUS_MOVE = YES;
				CLANG_WARN_UNGUARDED_AVAILABILITY = YES_AGGRESSIVE;
				CLANG_WARN_UNREACHABLE_CODE = YES;
				CLANG_WARN__DUPLICATE_METHOD_MATCH = YES;
				COPY_PHASE_STRIP = NO;
				DEBUG_INFORMATION_FORMAT = "dwarf-with-dsym";
				ENABLE_NS_ASSERTIONS = NO;
				ENABLE_STRICT_OBJC_MSGSEND = YES;
				GCC_C_LANGUAGE_STANDARD = gnu11;
				GCC_NO_COMMON_BLOCKS = YES;
				GCC_WARN_64_TO_32_BIT_CONVERSION = YES;
				GCC_WARN_ABOUT_RETURN_TYPE = YES_ERROR;
				GCC_WARN_UNDECLARED_SELECTOR = YES;
				GCC_WARN_UNINITIALIZED_AUTOS = YES_AGGRESSIVE;
				GCC_WARN_UNUSED_FUNCTION = YES;
				GCC_WARN_UNUSED_VARIABLE = YES;
				IPHONEOS_DEPLOYMENT_TARGET = 16.2;
				MTL_ENABLE_DEBUG_INFO = NO;
				MTL_FAST_MATH = YES;
				SDKROOT = iphoneos;
				SWIFT_COMPILATION_MODE = wholemodule;
				SWIFT_OPTIMIZATION_LEVEL = "-O";
				VALIDATE_PRODUCT = YES;
			};
			name = Release;
		};
		99E459D7299A720400E649C1 /* Debug */ = {
			isa = XCBuildConfiguration;
			buildSettings = {
				ASSETCATALOG_COMPILER_APPICON_NAME = AppIcon;
				ASSETCATALOG_COMPILER_GLOBAL_ACCENT_COLOR_NAME = AccentColor;
				CODE_SIGN_STYLE = Automatic;
				CURRENT_PROJECT_VERSION = 1;
				GENERATE_INFOPLIST_FILE = YES;
				INFOPLIST_FILE = 10wordsApp_Swift/Info.plist;
				INFOPLIST_KEY_UIApplicationSupportsIndirectInputEvents = YES;
				INFOPLIST_KEY_UILaunchStoryboardName = LaunchScreen;
				INFOPLIST_KEY_UISupportedInterfaceOrientations_iPad = "UIInterfaceOrientationPortrait UIInterfaceOrientationPortraitUpsideDown UIInterfaceOrientationLandscapeLeft UIInterfaceOrientationLandscapeRight";
				INFOPLIST_KEY_UISupportedInterfaceOrientations_iPhone = "UIInterfaceOrientationPortrait UIInterfaceOrientationLandscapeLeft UIInterfaceOrientationLandscapeRight";
				LD_RUNPATH_SEARCH_PATHS = (
					"$(inherited)",
					"@executable_path/Frameworks",
				);
				MARKETING_VERSION = 1.0;
				PRODUCT_BUNDLE_IDENTIFIER = "com.takutoono.-0wordsApp-Swift";
				PRODUCT_NAME = "$(TARGET_NAME)";
				SWIFT_EMIT_LOC_STRINGS = YES;
				SWIFT_VERSION = 5.0;
				TARGETED_DEVICE_FAMILY = "1,2";
			};
			name = Debug;
		};
		99E459D8299A720400E649C1 /* Release */ = {
			isa = XCBuildConfiguration;
			buildSettings = {
				ASSETCATALOG_COMPILER_APPICON_NAME = AppIcon;
				ASSETCATALOG_COMPILER_GLOBAL_ACCENT_COLOR_NAME = AccentColor;
				CODE_SIGN_STYLE = Automatic;
				CURRENT_PROJECT_VERSION = 1;
				GENERATE_INFOPLIST_FILE = YES;
				INFOPLIST_FILE = 10wordsApp_Swift/Info.plist;
				INFOPLIST_KEY_UIApplicationSupportsIndirectInputEvents = YES;
				INFOPLIST_KEY_UILaunchStoryboardName = LaunchScreen;
				INFOPLIST_KEY_UISupportedInterfaceOrientations_iPad = "UIInterfaceOrientationPortrait UIInterfaceOrientationPortraitUpsideDown UIInterfaceOrientationLandscapeLeft UIInterfaceOrientationLandscapeRight";
				INFOPLIST_KEY_UISupportedInterfaceOrientations_iPhone = "UIInterfaceOrientationPortrait UIInterfaceOrientationLandscapeLeft UIInterfaceOrientationLandscapeRight";
				LD_RUNPATH_SEARCH_PATHS = (
					"$(inherited)",
					"@executable_path/Frameworks",
				);
				MARKETING_VERSION = 1.0;
				PRODUCT_BUNDLE_IDENTIFIER = "com.takutoono.-0wordsApp-Swift";
				PRODUCT_NAME = "$(TARGET_NAME)";
				SWIFT_EMIT_LOC_STRINGS = YES;
				SWIFT_VERSION = 5.0;
				TARGETED_DEVICE_FAMILY = "1,2";
			};
			name = Release;
		};
/* End XCBuildConfiguration section */

/* Begin XCConfigurationList section */
		99E459BD299A720200E649C1 /* Build configuration list for PBXProject "10wordsApp_Swift" */ = {
			isa = XCConfigurationList;
			buildConfigurations = (
				99E459D4299A720400E649C1 /* Debug */,
				99E459D5299A720400E649C1 /* Release */,
			);
			defaultConfigurationIsVisible = 0;
			defaultConfigurationName = Release;
		};
		99E459D6299A720400E649C1 /* Build configuration list for PBXNativeTarget "10wordsApp_Swift" */ = {
			isa = XCConfigurationList;
			buildConfigurations = (
				99E459D7299A720400E649C1 /* Debug */,
				99E459D8299A720400E649C1 /* Release */,
			);
			defaultConfigurationIsVisible = 0;
			defaultConfigurationName = Release;
		};
/* End XCConfigurationList section */

/* Begin XCRemoteSwiftPackageReference section */
		9936AC61299F646200F8C258 /* XCRemoteSwiftPackageReference "realm-swift" */ = {
			isa = XCRemoteSwiftPackageReference;
			repositoryURL = "https://github.com/realm/realm-swift.git";
			requirement = {
				kind = upToNextMajorVersion;
				minimumVersion = 10.36.0;
			};
		};
		99396BBA29B3A183004A9B55 /* XCRemoteSwiftPackageReference "Moya" */ = {
			isa = XCRemoteSwiftPackageReference;
			repositoryURL = "https://github.com/Moya/Moya";
			requirement = {
				kind = upToNextMajorVersion;
				minimumVersion = 15.0.3;
			};
		};
/* End XCRemoteSwiftPackageReference section */

/* Begin XCSwiftPackageProductDependency section */
		9936AC62299F646200F8C258 /* Realm */ = {
			isa = XCSwiftPackageProductDependency;
			package = 9936AC61299F646200F8C258 /* XCRemoteSwiftPackageReference "realm-swift" */;
			productName = Realm;
		};
		9936AC64299F646200F8C258 /* RealmSwift */ = {
			isa = XCSwiftPackageProductDependency;
			package = 9936AC61299F646200F8C258 /* XCRemoteSwiftPackageReference "realm-swift" */;
			productName = RealmSwift;
		};
		99396BBB29B3A183004A9B55 /* Moya */ = {
			isa = XCSwiftPackageProductDependency;
			package = 99396BBA29B3A183004A9B55 /* XCRemoteSwiftPackageReference "Moya" */;
			productName = Moya;
		};
/* End XCSwiftPackageProductDependency section */
	};
	rootObject = 99E459BA299A720200E649C1 /* Project object */;
}
